// !$*UTF8*$!
{
	archiveVersion = 1;
	classes = {
	};
	objectVersion = 56;
	objects = {

/* Begin PBXBuildFile section */
		5B147F142C9F50B70018D28C /* AppDelegate.swift in Sources */ = {isa = PBXBuildFile; fileRef = 5B147F132C9F50B70018D28C /* AppDelegate.swift */; };
		5B147F162C9F50B70018D28C /* SceneDelegate.swift in Sources */ = {isa = PBXBuildFile; fileRef = 5B147F152C9F50B70018D28C /* SceneDelegate.swift */; };
		5B147F182C9F50B70018D28C /* SportsDashboard.swift in Sources */ = {isa = PBXBuildFile; fileRef = 5B147F172C9F50B70018D28C /* SportsDashboard.swift */; };
		5B147F1D2C9F50BE0018D28C /* Assets.xcassets in Resources */ = {isa = PBXBuildFile; fileRef = 5B147F1C2C9F50BE0018D28C /* Assets.xcassets */; };
		5B147F2E2C9F55F50018D28C /* Constants.swift in Sources */ = {isa = PBXBuildFile; fileRef = 5B147F2D2C9F55F50018D28C /* Constants.swift */; };
		5B147F322C9F56260018D28C /* Data+Extension.swift in Sources */ = {isa = PBXBuildFile; fileRef = 5B147F312C9F56260018D28C /* Data+Extension.swift */; };
		5B147F342C9F563C0018D28C /* Text.swift in Sources */ = {isa = PBXBuildFile; fileRef = 5B147F332C9F563C0018D28C /* Text.swift */; };
		5B147F362C9F56560018D28C /* NetworkManager.swift in Sources */ = {isa = PBXBuildFile; fileRef = 5B147F352C9F56560018D28C /* NetworkManager.swift */; };
		5B147F382C9F566F0018D28C /* Endpoint.swift in Sources */ = {isa = PBXBuildFile; fileRef = 5B147F372C9F566F0018D28C /* Endpoint.swift */; };
		5B147F3B2C9F568D0018D28C /* SportsAPI.swift in Sources */ = {isa = PBXBuildFile; fileRef = 5B147F3A2C9F568D0018D28C /* SportsAPI.swift */; };
		5B147F3D2C9F56A60018D28C /* Sport.swift in Sources */ = {isa = PBXBuildFile; fileRef = 5B147F3C2C9F56A60018D28C /* Sport.swift */; };
		5B147F3F2C9F56B60018D28C /* Event.swift in Sources */ = {isa = PBXBuildFile; fileRef = 5B147F3E2C9F56B60018D28C /* Event.swift */; };
/* End PBXBuildFile section */

/* Begin PBXFileReference section */
		5B147F102C9F50B70018D28C /* Sports Tracker.app */ = {isa = PBXFileReference; explicitFileType = wrapper.application; includeInIndex = 0; path = "Sports Tracker.app"; sourceTree = BUILT_PRODUCTS_DIR; };
		5B147F132C9F50B70018D28C /* AppDelegate.swift */ = {isa = PBXFileReference; lastKnownFileType = sourcecode.swift; path = AppDelegate.swift; sourceTree = "<group>"; };
		5B147F152C9F50B70018D28C /* SceneDelegate.swift */ = {isa = PBXFileReference; lastKnownFileType = sourcecode.swift; path = SceneDelegate.swift; sourceTree = "<group>"; };
		5B147F172C9F50B70018D28C /* SportsDashboard.swift */ = {isa = PBXFileReference; lastKnownFileType = sourcecode.swift; path = SportsDashboard.swift; sourceTree = "<group>"; };
		5B147F1C2C9F50BE0018D28C /* Assets.xcassets */ = {isa = PBXFileReference; lastKnownFileType = folder.assetcatalog; path = Assets.xcassets; sourceTree = "<group>"; };
		5B147F212C9F50BE0018D28C /* Info.plist */ = {isa = PBXFileReference; lastKnownFileType = text.plist.xml; path = Info.plist; sourceTree = "<group>"; };
		5B147F2D2C9F55F50018D28C /* Constants.swift */ = {isa = PBXFileReference; lastKnownFileType = sourcecode.swift; path = Constants.swift; sourceTree = "<group>"; };
		5B147F312C9F56260018D28C /* Data+Extension.swift */ = {isa = PBXFileReference; lastKnownFileType = sourcecode.swift; path = "Data+Extension.swift"; sourceTree = "<group>"; };
		5B147F332C9F563C0018D28C /* Text.swift */ = {isa = PBXFileReference; lastKnownFileType = sourcecode.swift; path = Text.swift; sourceTree = "<group>"; };
		5B147F352C9F56560018D28C /* NetworkManager.swift */ = {isa = PBXFileReference; lastKnownFileType = sourcecode.swift; path = NetworkManager.swift; sourceTree = "<group>"; };
		5B147F372C9F566F0018D28C /* Endpoint.swift */ = {isa = PBXFileReference; lastKnownFileType = sourcecode.swift; path = Endpoint.swift; sourceTree = "<group>"; };
		5B147F3A2C9F568D0018D28C /* SportsAPI.swift */ = {isa = PBXFileReference; lastKnownFileType = sourcecode.swift; path = SportsAPI.swift; sourceTree = "<group>"; };
		5B147F3C2C9F56A60018D28C /* Sport.swift */ = {isa = PBXFileReference; lastKnownFileType = sourcecode.swift; path = Sport.swift; sourceTree = "<group>"; };
		5B147F3E2C9F56B60018D28C /* Event.swift */ = {isa = PBXFileReference; lastKnownFileType = sourcecode.swift; path = Event.swift; sourceTree = "<group>"; };
/* End PBXFileReference section */

/* Begin PBXFrameworksBuildPhase section */
		5B147F0D2C9F50B70018D28C /* Frameworks */ = {
			isa = PBXFrameworksBuildPhase;
			buildActionMask = 2147483647;
			files = (
			);
			runOnlyForDeploymentPostprocessing = 0;
		};
/* End PBXFrameworksBuildPhase section */

/* Begin PBXGroup section */
		5B147F072C9F50B70018D28C = {
			isa = PBXGroup;
			children = (
				5B147F122C9F50B70018D28C /* Sports Tracker */,
				5B147F112C9F50B70018D28C /* Products */,
			);
			sourceTree = "<group>";
		};
		5B147F112C9F50B70018D28C /* Products */ = {
			isa = PBXGroup;
			children = (
				5B147F102C9F50B70018D28C /* Sports Tracker.app */,
			);
			name = Products;
			sourceTree = "<group>";
		};
		5B147F122C9F50B70018D28C /* Sports Tracker */ = {
			isa = PBXGroup;
			children = (
				5B147F2C2C9F555A0018D28C /* Models */,
				5B147F2B2C9F55540018D28C /* Views */,
				5B147F2A2C9F554C0018D28C /* Controllers */,
				5B147F292C9F55430018D28C /* Network */,
				5B147F282C9F55390018D28C /* Resources */,
				5B147F272C9F54E30018D28C /* Supporting Files */,
			);
			path = "Sports Tracker";
			sourceTree = "<group>";
		};
		5B147F272C9F54E30018D28C /* Supporting Files */ = {
			isa = PBXGroup;
			children = (
				5B147F132C9F50B70018D28C /* AppDelegate.swift */,
				5B147F152C9F50B70018D28C /* SceneDelegate.swift */,
				5B147F212C9F50BE0018D28C /* Info.plist */,
			);
			path = "Supporting Files";
			sourceTree = "<group>";
		};
		5B147F282C9F55390018D28C /* Resources */ = {
			isa = PBXGroup;
			children = (
				5B147F302C9F560B0018D28C /* Localization */,
				5B147F2F2C9F56040018D28C /* Extensions */,
				5B147F1C2C9F50BE0018D28C /* Assets.xcassets */,
				5B147F2D2C9F55F50018D28C /* Constants.swift */,
			);
			path = Resources;
			sourceTree = "<group>";
		};
		5B147F292C9F55430018D28C /* Network */ = {
			isa = PBXGroup;
			children = (
				5B147F392C9F567A0018D28C /* APIs */,
				5B147F352C9F56560018D28C /* NetworkManager.swift */,
				5B147F372C9F566F0018D28C /* Endpoint.swift */,
			);
			path = Network;
			sourceTree = "<group>";
		};
		5B147F2A2C9F554C0018D28C /* Controllers */ = {
			isa = PBXGroup;
			children = (
				5B147F172C9F50B70018D28C /* SportsDashboard.swift */,
			);
			path = Controllers;
			sourceTree = "<group>";
		};
		5B147F2B2C9F55540018D28C /* Views */ = {
			isa = PBXGroup;
			children = (
			);
			path = Views;
			sourceTree = "<group>";
		};
		5B147F2C2C9F555A0018D28C /* Models */ = {
			isa = PBXGroup;
			children = (
				5B147F3C2C9F56A60018D28C /* Sport.swift */,
				5B147F3E2C9F56B60018D28C /* Event.swift */,
			);
			path = Models;
			sourceTree = "<group>";
		};
		5B147F2F2C9F56040018D28C /* Extensions */ = {
			isa = PBXGroup;
			children = (
				5B147F312C9F56260018D28C /* Data+Extension.swift */,
			);
			path = Extensions;
			sourceTree = "<group>";
		};
		5B147F302C9F560B0018D28C /* Localization */ = {
			isa = PBXGroup;
			children = (
				5B147F332C9F563C0018D28C /* Text.swift */,
			);
			path = Localization;
			sourceTree = "<group>";
		};
		5B147F392C9F567A0018D28C /* APIs */ = {
			isa = PBXGroup;
			children = (
				5B147F3A2C9F568D0018D28C /* SportsAPI.swift */,
			);
			path = APIs;
			sourceTree = "<group>";
		};
/* End PBXGroup section */

/* Begin PBXNativeTarget section */
		5B147F0F2C9F50B70018D28C /* Sports Tracker */ = {
			isa = PBXNativeTarget;
			buildConfigurationList = 5B147F242C9F50BE0018D28C /* Build configuration list for PBXNativeTarget "Sports Tracker" */;
			buildPhases = (
				5B147F0C2C9F50B70018D28C /* Sources */,
				5B147F0D2C9F50B70018D28C /* Frameworks */,
				5B147F0E2C9F50B70018D28C /* Resources */,
			);
			buildRules = (
			);
			dependencies = (
			);
			name = "Sports Tracker";
			productName = "Sports Tracker";
			productReference = 5B147F102C9F50B70018D28C /* Sports Tracker.app */;
			productType = "com.apple.product-type.application";
		};
/* End PBXNativeTarget section */

/* Begin PBXProject section */
		5B147F082C9F50B70018D28C /* Project object */ = {
			isa = PBXProject;
			attributes = {
				BuildIndependentTargetsInParallel = 1;
				LastSwiftUpdateCheck = 1540;
				LastUpgradeCheck = 1540;
				TargetAttributes = {
					5B147F0F2C9F50B70018D28C = {
						CreatedOnToolsVersion = 15.4;
					};
				};
			};
			buildConfigurationList = 5B147F0B2C9F50B70018D28C /* Build configuration list for PBXProject "Sports Tracker" */;
			compatibilityVersion = "Xcode 14.0";
			developmentRegion = en;
			hasScannedForEncodings = 0;
			knownRegions = (
				en,
				Base,
			);
			mainGroup = 5B147F072C9F50B70018D28C;
			productRefGroup = 5B147F112C9F50B70018D28C /* Products */;
			projectDirPath = "";
			projectRoot = "";
			targets = (
				5B147F0F2C9F50B70018D28C /* Sports Tracker */,
			);
		};
/* End PBXProject section */

/* Begin PBXResourcesBuildPhase section */
		5B147F0E2C9F50B70018D28C /* Resources */ = {
			isa = PBXResourcesBuildPhase;
			buildActionMask = 2147483647;
			files = (
				5B147F1D2C9F50BE0018D28C /* Assets.xcassets in Resources */,
			);
			runOnlyForDeploymentPostprocessing = 0;
		};
/* End PBXResourcesBuildPhase section */

/* Begin PBXSourcesBuildPhase section */
		5B147F0C2C9F50B70018D28C /* Sources */ = {
			isa = PBXSourcesBuildPhase;
			buildActionMask = 2147483647;
			files = (
				5B147F3D2C9F56A60018D28C /* Sport.swift in Sources */,
				5B147F3F2C9F56B60018D28C /* Event.swift in Sources */,
				5B147F182C9F50B70018D28C /* SportsDashboard.swift in Sources */,
				5B147F3B2C9F568D0018D28C /* SportsAPI.swift in Sources */,
				5B147F142C9F50B70018D28C /* AppDelegate.swift in Sources */,
				5B147F382C9F566F0018D28C /* Endpoint.swift in Sources */,
				5B147F322C9F56260018D28C /* Data+Extension.swift in Sources */,
				5B147F362C9F56560018D28C /* NetworkManager.swift in Sources */,
				5B147F162C9F50B70018D28C /* SceneDelegate.swift in Sources */,
				5B147F342C9F563C0018D28C /* Text.swift in Sources */,
				5B147F2E2C9F55F50018D28C /* Constants.swift in Sources */,
			);
			runOnlyForDeploymentPostprocessing = 0;
		};
/* End PBXSourcesBuildPhase section */

/* Begin XCBuildConfiguration section */
		5B147F222C9F50BE0018D28C /* Debug */ = {
			isa = XCBuildConfiguration;
			buildSettings = {
				ALWAYS_SEARCH_USER_PATHS = NO;
				ASSETCATALOG_COMPILER_GENERATE_SWIFT_ASSET_SYMBOL_EXTENSIONS = YES;
				CLANG_ANALYZER_NONNULL = YES;
				CLANG_ANALYZER_NUMBER_OBJECT_CONVERSION = YES_AGGRESSIVE;
				CLANG_CXX_LANGUAGE_STANDARD = "gnu++20";
				CLANG_ENABLE_MODULES = YES;
				CLANG_ENABLE_OBJC_ARC = YES;
				CLANG_ENABLE_OBJC_WEAK = YES;
				CLANG_WARN_BLOCK_CAPTURE_AUTORELEASING = YES;
				CLANG_WARN_BOOL_CONVERSION = YES;
				CLANG_WARN_COMMA = YES;
				CLANG_WARN_CONSTANT_CONVERSION = YES;
				CLANG_WARN_DEPRECATED_OBJC_IMPLEMENTATIONS = YES;
				CLANG_WARN_DIRECT_OBJC_ISA_USAGE = YES_ERROR;
				CLANG_WARN_DOCUMENTATION_COMMENTS = YES;
				CLANG_WARN_EMPTY_BODY = YES;
				CLANG_WARN_ENUM_CONVERSION = YES;
				CLANG_WARN_INFINITE_RECURSION = YES;
				CLANG_WARN_INT_CONVERSION = YES;
				CLANG_WARN_NON_LITERAL_NULL_CONVERSION = YES;
				CLANG_WARN_OBJC_IMPLICIT_RETAIN_SELF = YES;
				CLANG_WARN_OBJC_LITERAL_CONVERSION = YES;
				CLANG_WARN_OBJC_ROOT_CLASS = YES_ERROR;
				CLANG_WARN_QUOTED_INCLUDE_IN_FRAMEWORK_HEADER = YES;
				CLANG_WARN_RANGE_LOOP_ANALYSIS = YES;
				CLANG_WARN_STRICT_PROTOTYPES = YES;
				CLANG_WARN_SUSPICIOUS_MOVE = YES;
				CLANG_WARN_UNGUARDED_AVAILABILITY = YES_AGGRESSIVE;
				CLANG_WARN_UNREACHABLE_CODE = YES;
				CLANG_WARN__DUPLICATE_METHOD_MATCH = YES;
				COPY_PHASE_STRIP = NO;
				DEBUG_INFORMATION_FORMAT = dwarf;
				ENABLE_STRICT_OBJC_MSGSEND = YES;
				ENABLE_TESTABILITY = YES;
				ENABLE_USER_SCRIPT_SANDBOXING = YES;
				GCC_C_LANGUAGE_STANDARD = gnu17;
				GCC_DYNAMIC_NO_PIC = NO;
				GCC_NO_COMMON_BLOCKS = YES;
				GCC_OPTIMIZATION_LEVEL = 0;
				GCC_PREPROCESSOR_DEFINITIONS = (
					"DEBUG=1",
					"$(inherited)",
				);
				GCC_WARN_64_TO_32_BIT_CONVERSION = YES;
				GCC_WARN_ABOUT_RETURN_TYPE = YES_ERROR;
				GCC_WARN_UNDECLARED_SELECTOR = YES;
				GCC_WARN_UNINITIALIZED_AUTOS = YES_AGGRESSIVE;
				GCC_WARN_UNUSED_FUNCTION = YES;
				GCC_WARN_UNUSED_VARIABLE = YES;
				IPHONEOS_DEPLOYMENT_TARGET = 17.5;
				LOCALIZATION_PREFERS_STRING_CATALOGS = YES;
				MTL_ENABLE_DEBUG_INFO = INCLUDE_SOURCE;
				MTL_FAST_MATH = YES;
				ONLY_ACTIVE_ARCH = YES;
				SDKROOT = iphoneos;
				SWIFT_ACTIVE_COMPILATION_CONDITIONS = "DEBUG $(inherited)";
				SWIFT_OPTIMIZATION_LEVEL = "-Onone";
			};
			name = Debug;
		};
		5B147F232C9F50BE0018D28C /* Release */ = {
			isa = XCBuildConfiguration;
			buildSettings = {
				ALWAYS_SEARCH_USER_PATHS = NO;
				ASSETCATALOG_COMPILER_GENERATE_SWIFT_ASSET_SYMBOL_EXTENSIONS = YES;
				CLANG_ANALYZER_NONNULL = YES;
				CLANG_ANALYZER_NUMBER_OBJECT_CONVERSION = YES_AGGRESSIVE;
				CLANG_CXX_LANGUAGE_STANDARD = "gnu++20";
				CLANG_ENABLE_MODULES = YES;
				CLANG_ENABLE_OBJC_ARC = YES;
				CLANG_ENABLE_OBJC_WEAK = YES;
				CLANG_WARN_BLOCK_CAPTURE_AUTORELEASING = YES;
				CLANG_WARN_BOOL_CONVERSION = YES;
				CLANG_WARN_COMMA = YES;
				CLANG_WARN_CONSTANT_CONVERSION = YES;
				CLANG_WARN_DEPRECATED_OBJC_IMPLEMENTATIONS = YES;
				CLANG_WARN_DIRECT_OBJC_ISA_USAGE = YES_ERROR;
				CLANG_WARN_DOCUMENTATION_COMMENTS = YES;
				CLANG_WARN_EMPTY_BODY = YES;
				CLANG_WARN_ENUM_CONVERSION = YES;
				CLANG_WARN_INFINITE_RECURSION = YES;
				CLANG_WARN_INT_CONVERSION = YES;
				CLANG_WARN_NON_LITERAL_NULL_CONVERSION = YES;
				CLANG_WARN_OBJC_IMPLICIT_RETAIN_SELF = YES;
				CLANG_WARN_OBJC_LITERAL_CONVERSION = YES;
				CLANG_WARN_OBJC_ROOT_CLASS = YES_ERROR;
				CLANG_WARN_QUOTED_INCLUDE_IN_FRAMEWORK_HEADER = YES;
				CLANG_WARN_RANGE_LOOP_ANALYSIS = YES;
				CLANG_WARN_STRICT_PROTOTYPES = YES;
				CLANG_WARN_SUSPICIOUS_MOVE = YES;
				CLANG_WARN_UNGUARDED_AVAILABILITY = YES_AGGRESSIVE;
				CLANG_WARN_UNREACHABLE_CODE = YES;
				CLANG_WARN__DUPLICATE_METHOD_MATCH = YES;
				COPY_PHASE_STRIP = NO;
				DEBUG_INFORMATION_FORMAT = "dwarf-with-dsym";
				ENABLE_NS_ASSERTIONS = NO;
				ENABLE_STRICT_OBJC_MSGSEND = YES;
				ENABLE_USER_SCRIPT_SANDBOXING = YES;
				GCC_C_LANGUAGE_STANDARD = gnu17;
				GCC_NO_COMMON_BLOCKS = YES;
				GCC_WARN_64_TO_32_BIT_CONVERSION = YES;
				GCC_WARN_ABOUT_RETURN_TYPE = YES_ERROR;
				GCC_WARN_UNDECLARED_SELECTOR = YES;
				GCC_WARN_UNINITIALIZED_AUTOS = YES_AGGRESSIVE;
				GCC_WARN_UNUSED_FUNCTION = YES;
				GCC_WARN_UNUSED_VARIABLE = YES;
				IPHONEOS_DEPLOYMENT_TARGET = 17.5;
				LOCALIZATION_PREFERS_STRING_CATALOGS = YES;
				MTL_ENABLE_DEBUG_INFO = NO;
				MTL_FAST_MATH = YES;
				SDKROOT = iphoneos;
				SWIFT_COMPILATION_MODE = wholemodule;
				VALIDATE_PRODUCT = YES;
			};
			name = Release;
		};
		5B147F252C9F50BE0018D28C /* Debug */ = {
			isa = XCBuildConfiguration;
			buildSettings = {
				ASSETCATALOG_COMPILER_APPICON_NAME = AppIcon;
				ASSETCATALOG_COMPILER_GLOBAL_ACCENT_COLOR_NAME = AccentColor;
				CODE_SIGN_STYLE = Automatic;
				CURRENT_PROJECT_VERSION = 1;
				DEVELOPMENT_TEAM = N697XMW5S2;
				GENERATE_INFOPLIST_FILE = YES;
				INFOPLIST_FILE = "Sports Tracker/Supporting Files/Info.plist";
				INFOPLIST_KEY_UIApplicationSupportsIndirectInputEvents = YES;
				INFOPLIST_KEY_UISupportedInterfaceOrientations = UIInterfaceOrientationPortrait;
				LD_RUNPATH_SEARCH_PATHS = (
					"$(inherited)",
					"@executable_path/Frameworks",
				);
				MARKETING_VERSION = 1.0;
				PRODUCT_BUNDLE_IDENTIFIER = "com.francisco.rosa.Sports-Tracker";
				PRODUCT_NAME = "$(TARGET_NAME)";
				SWIFT_EMIT_LOC_STRINGS = YES;
				SWIFT_VERSION = 5.0;
				TARGETED_DEVICE_FAMILY = "1,2";
			};
			name = Debug;
		};
		5B147F262C9F50BE0018D28C /* Release */ = {
			isa = XCBuildConfiguration;
			buildSettings = {
				ASSETCATALOG_COMPILER_APPICON_NAME = AppIcon;
				ASSETCATALOG_COMPILER_GLOBAL_ACCENT_COLOR_NAME = AccentColor;
				CODE_SIGN_STYLE = Automatic;
				CURRENT_PROJECT_VERSION = 1;
				DEVELOPMENT_TEAM = N697XMW5S2;
				GENERATE_INFOPLIST_FILE = YES;
				INFOPLIST_FILE = "Sports Tracker/Supporting Files/Info.plist";
				INFOPLIST_KEY_UIApplicationSupportsIndirectInputEvents = YES;
				INFOPLIST_KEY_UISupportedInterfaceOrientations = UIInterfaceOrientationPortrait;
				LD_RUNPATH_SEARCH_PATHS = (
					"$(inherited)",
					"@executable_path/Frameworks",
				);
				MARKETING_VERSION = 1.0;
				PRODUCT_BUNDLE_IDENTIFIER = "com.francisco.rosa.Sports-Tracker";
				PRODUCT_NAME = "$(TARGET_NAME)";
				SWIFT_EMIT_LOC_STRINGS = YES;
				SWIFT_VERSION = 5.0;
				TARGETED_DEVICE_FAMILY = "1,2";
			};
			name = Release;
		};
/* End XCBuildConfiguration section */

/* Begin XCConfigurationList section */
		5B147F0B2C9F50B70018D28C /* Build configuration list for PBXProject "Sports Tracker" */ = {
			isa = XCConfigurationList;
			buildConfigurations = (
				5B147F222C9F50BE0018D28C /* Debug */,
				5B147F232C9F50BE0018D28C /* Release */,
			);
			defaultConfigurationIsVisible = 0;
			defaultConfigurationName = Release;
		};
		5B147F242C9F50BE0018D28C /* Build configuration list for PBXNativeTarget "Sports Tracker" */ = {
			isa = XCConfigurationList;
			buildConfigurations = (
				5B147F252C9F50BE0018D28C /* Debug */,
				5B147F262C9F50BE0018D28C /* Release */,
			);
			defaultConfigurationIsVisible = 0;
			defaultConfigurationName = Release;
		};
/* End XCConfigurationList section */
	};
	rootObject = 5B147F082C9F50B70018D28C /* Project object */;
}
